{
  "nodes": {
    "home": {
      "inputs": {
        "nixpkgs": [
          "nixos"
        ]
      },
      "locked": {
        "lastModified": 1732482255,
        "narHash": "sha256-GUffLwzawz5WRVfWaWCg78n/HrBJrOG7QadFY6rtV8A=",
        "owner": "nix-community",
        "repo": "home-manager",
        "rev": "a9953635d7f34e7358d5189751110f87e3ac17da",
        "type": "github"
      },
      "original": {
        "owner": "nix-community",
        "repo": "home-manager",
        "type": "github"
      }
    },
    "nixos": {
      "locked": {
        "lastModified": 1729709865,
        "narHash": "sha256-c8kNlXEJpZ6eyCY9ghi666RwWYJCpyLKboNnWP7SQhw=",
        "owner": "NixOS",
        "repo": "nixpkgs",
        "rev": "dd50f99e26d30c115ae970e51103f89fde5d2b44",
        "type": "github"
      },
      "original": {
        "id": "nixpkgs",
        "ref": "master",
        "type": "indirect"
      }
    },
    "root": {
      "inputs": {
        "home": "home",
        "nixos": "nixos"
      }
    }
  },
  "root": "root",
  "version": 7
}
