{
  "nodes": {
    "home": {
      "inputs": {
        "nixpkgs": [
          "nixos"
        ]
      },
      "locked": {
        "lastModified": 1686837967,
        "narHash": "sha256-wjoR9xKW9L8HNr0cDYFvQN/CemsMo76KRRnJnXmsZ1Y=",
        "owner": "nix-community",
        "repo": "home-manager",
        "rev": "d214b93ee3c82b2746b85e8cb96bc150c6a74e50",
        "type": "github"
      },
      "original": {
        "owner": "nix-community",
        "repo": "home-manager",
        "type": "github"
      }
    },
    "nixos": {
      "locked": {
        "lastModified": 1686695102,
        "narHash": "sha256-ECYjDLVOS16MVSvlGTjGTq6Nft23HbXw9xmLxmCXK9Y=",
        "owner": "NixOS",
        "repo": "nixpkgs",
        "rev": "d40add3bc57e399983d0f9c3cbab64668c005129",
        "type": "github"
      },
      "original": {
        "id": "nixpkgs",
        "ref": "master",
        "type": "indirect"
      }
    },
    "root": {
      "inputs": {
        "home": "home",
        "nixos": "nixos"
      }
    }
  },
  "root": "root",
  "version": 7
}
