{
  "nodes": {
    "home": {
      "inputs": {
        "nixpkgs": [
          "nixos"
        ]
      },
      "locked": {
        "lastModified": 1630030114,
        "narHash": "sha256-t5lptbv7rtNSawdwoA2JUAiqXgLYAO+dGqp8KRtOaDA=",
        "owner": "nix-community",
        "repo": "home-manager",
        "rev": "33db7cc6a66d1c1cb77c23ae8e18cefd0425a0c8",
        "type": "github"
      },
      "original": {
        "owner": "nix-community",
        "repo": "home-manager",
        "type": "github"
      }
    },
    "nixos": {
      "locked": {
        "lastModified": 1630050908,
        "narHash": "sha256-rk8JJlFPJF2yA5Ov/IsnDr9Sx5rsv4Vdln0xmBDyceg=",
        "owner": "NixOS",
        "repo": "nixpkgs",
        "rev": "30ba8729476b7ba4371e59d81ab8d70168663230",
        "type": "github"
      },
      "original": {
        "id": "nixpkgs",
        "ref": "master",
        "type": "indirect"
      }
    },
    "root": {
      "inputs": {
        "home": "home",
        "nixos": "nixos"
      }
    }
  },
  "root": "root",
  "version": 7
}
